// !$*UTF8*$!
{
	archiveVersion = 1;
	classes = {
	};
	objectVersion = 46;
	objects = {

/* Begin PBXBuildFile section */
		080674601D149B1F00BB095C /* AppDelegate.swift in Sources */ = {isa = PBXBuildFile; fileRef = 0806745F1D149B1F00BB095C /* AppDelegate.swift */; };
		080674621D149B1F00BB095C /* ViewController.swift in Sources */ = {isa = PBXBuildFile; fileRef = 080674611D149B1F00BB095C /* ViewController.swift */; };
		080674651D149B1F00BB095C /* Main.storyboard in Resources */ = {isa = PBXBuildFile; fileRef = 080674631D149B1F00BB095C /* Main.storyboard */; };
		080674671D149B1F00BB095C /* Assets.xcassets in Resources */ = {isa = PBXBuildFile; fileRef = 080674661D149B1F00BB095C /* Assets.xcassets */; };
		0806746A1D149B1F00BB095C /* LaunchScreen.storyboard in Resources */ = {isa = PBXBuildFile; fileRef = 080674681D149B1F00BB095C /* LaunchScreen.storyboard */; };
		080674751D149B1F00BB095C /* SmartContentViewTests.swift in Sources */ = {isa = PBXBuildFile; fileRef = 080674741D149B1F00BB095C /* SmartContentViewTests.swift */; };
		080674801D149B1F00BB095C /* SmartContentViewUITests.swift in Sources */ = {isa = PBXBuildFile; fileRef = 0806747F1D149B1F00BB095C /* SmartContentViewUITests.swift */; };
/* End PBXBuildFile section */

/* Begin PBXContainerItemProxy section */
		080674711D149B1F00BB095C /* PBXContainerItemProxy */ = {
			isa = PBXContainerItemProxy;
			containerPortal = 080674541D149B1E00BB095C /* Project object */;
			proxyType = 1;
			remoteGlobalIDString = 0806745B1D149B1E00BB095C;
			remoteInfo = SmartContentView;
		};
		0806747C1D149B1F00BB095C /* PBXContainerItemProxy */ = {
			isa = PBXContainerItemProxy;
			containerPortal = 080674541D149B1E00BB095C /* Project object */;
			proxyType = 1;
			remoteGlobalIDString = 0806745B1D149B1E00BB095C;
			remoteInfo = SmartContentView;
		};
/* End PBXContainerItemProxy section */

/* Begin PBXFileReference section */
		0806745C1D149B1E00BB095C /* SmartContentView.app */ = {isa = PBXFileReference; explicitFileType = wrapper.application; includeInIndex = 0; path = SmartContentView.app; sourceTree = BUILT_PRODUCTS_DIR; };
		0806745F1D149B1F00BB095C /* AppDelegate.swift */ = {isa = PBXFileReference; lastKnownFileType = sourcecode.swift; path = AppDelegate.swift; sourceTree = "<group>"; };
		080674611D149B1F00BB095C /* ViewController.swift */ = {isa = PBXFileReference; lastKnownFileType = sourcecode.swift; path = ViewController.swift; sourceTree = "<group>"; };
		080674641D149B1F00BB095C /* Base */ = {isa = PBXFileReference; lastKnownFileType = file.storyboard; name = Base; path = Base.lproj/Main.storyboard; sourceTree = "<group>"; };
		080674661D149B1F00BB095C /* Assets.xcassets */ = {isa = PBXFileReference; lastKnownFileType = folder.assetcatalog; path = Assets.xcassets; sourceTree = "<group>"; };
		080674691D149B1F00BB095C /* Base */ = {isa = PBXFileReference; lastKnownFileType = file.storyboard; name = Base; path = Base.lproj/LaunchScreen.storyboard; sourceTree = "<group>"; };
		0806746B1D149B1F00BB095C /* Info.plist */ = {isa = PBXFileReference; lastKnownFileType = text.plist.xml; path = Info.plist; sourceTree = "<group>"; };
		080674701D149B1F00BB095C /* SmartContentViewTests.xctest */ = {isa = PBXFileReference; explicitFileType = wrapper.cfbundle; includeInIndex = 0; path = SmartContentViewTests.xctest; sourceTree = BUILT_PRODUCTS_DIR; };
		080674741D149B1F00BB095C /* SmartContentViewTests.swift */ = {isa = PBXFileReference; lastKnownFileType = sourcecode.swift; path = SmartContentViewTests.swift; sourceTree = "<group>"; };
		080674761D149B1F00BB095C /* Info.plist */ = {isa = PBXFileReference; lastKnownFileType = text.plist.xml; path = Info.plist; sourceTree = "<group>"; };
		0806747B1D149B1F00BB095C /* SmartContentViewUITests.xctest */ = {isa = PBXFileReference; explicitFileType = wrapper.cfbundle; includeInIndex = 0; path = SmartContentViewUITests.xctest; sourceTree = BUILT_PRODUCTS_DIR; };
		0806747F1D149B1F00BB095C /* SmartContentViewUITests.swift */ = {isa = PBXFileReference; lastKnownFileType = sourcecode.swift; path = SmartContentViewUITests.swift; sourceTree = "<group>"; };
		080674811D149B1F00BB095C /* Info.plist */ = {isa = PBXFileReference; lastKnownFileType = text.plist.xml; path = Info.plist; sourceTree = "<group>"; };
/* End PBXFileReference section */

/* Begin PBXFrameworksBuildPhase section */
		080674591D149B1E00BB095C /* Frameworks */ = {
			isa = PBXFrameworksBuildPhase;
			buildActionMask = 2147483647;
			files = (
			);
			runOnlyForDeploymentPostprocessing = 0;
		};
		0806746D1D149B1F00BB095C /* Frameworks */ = {
			isa = PBXFrameworksBuildPhase;
			buildActionMask = 2147483647;
			files = (
			);
			runOnlyForDeploymentPostprocessing = 0;
		};
		080674781D149B1F00BB095C /* Frameworks */ = {
			isa = PBXFrameworksBuildPhase;
			buildActionMask = 2147483647;
			files = (
			);
			runOnlyForDeploymentPostprocessing = 0;
		};
/* End PBXFrameworksBuildPhase section */

/* Begin PBXGroup section */
		080674531D149B1E00BB095C = {
			isa = PBXGroup;
			children = (
				0806745E1D149B1F00BB095C /* SmartContentView */,
				080674731D149B1F00BB095C /* SmartContentViewTests */,
				0806747E1D149B1F00BB095C /* SmartContentViewUITests */,
				0806745D1D149B1E00BB095C /* Products */,
			);
			sourceTree = "<group>";
		};
		0806745D1D149B1E00BB095C /* Products */ = {
			isa = PBXGroup;
			children = (
				0806745C1D149B1E00BB095C /* SmartContentView.app */,
				080674701D149B1F00BB095C /* SmartContentViewTests.xctest */,
				0806747B1D149B1F00BB095C /* SmartContentViewUITests.xctest */,
			);
			name = Products;
			sourceTree = "<group>";
		};
		0806745E1D149B1F00BB095C /* SmartContentView */ = {
			isa = PBXGroup;
			children = (
				0806745F1D149B1F00BB095C /* AppDelegate.swift */,
				080674611D149B1F00BB095C /* ViewController.swift */,
				080674631D149B1F00BB095C /* Main.storyboard */,
				080674661D149B1F00BB095C /* Assets.xcassets */,
				080674681D149B1F00BB095C /* LaunchScreen.storyboard */,
				0806746B1D149B1F00BB095C /* Info.plist */,
			);
			path = SmartContentView;
			sourceTree = "<group>";
		};
		080674731D149B1F00BB095C /* SmartContentViewTests */ = {
			isa = PBXGroup;
			children = (
				080674741D149B1F00BB095C /* SmartContentViewTests.swift */,
				080674761D149B1F00BB095C /* Info.plist */,
			);
			path = SmartContentViewTests;
			sourceTree = "<group>";
		};
		0806747E1D149B1F00BB095C /* SmartContentViewUITests */ = {
			isa = PBXGroup;
			children = (
				0806747F1D149B1F00BB095C /* SmartContentViewUITests.swift */,
				080674811D149B1F00BB095C /* Info.plist */,
			);
			path = SmartContentViewUITests;
			sourceTree = "<group>";
		};
/* End PBXGroup section */

/* Begin PBXNativeTarget section */
		0806745B1D149B1E00BB095C /* SmartContentView */ = {
			isa = PBXNativeTarget;
			buildConfigurationList = 080674841D149B1F00BB095C /* Build configuration list for PBXNativeTarget "SmartContentView" */;
			buildPhases = (
				080674581D149B1E00BB095C /* Sources */,
				080674591D149B1E00BB095C /* Frameworks */,
				0806745A1D149B1E00BB095C /* Resources */,
			);
			buildRules = (
			);
			dependencies = (
			);
			name = SmartContentView;
			productName = SmartContentView;
			productReference = 0806745C1D149B1E00BB095C /* SmartContentView.app */;
			productType = "com.apple.product-type.application";
		};
		0806746F1D149B1F00BB095C /* SmartContentViewTests */ = {
			isa = PBXNativeTarget;
			buildConfigurationList = 080674871D149B1F00BB095C /* Build configuration list for PBXNativeTarget "SmartContentViewTests" */;
			buildPhases = (
				0806746C1D149B1F00BB095C /* Sources */,
				0806746D1D149B1F00BB095C /* Frameworks */,
				0806746E1D149B1F00BB095C /* Resources */,
			);
			buildRules = (
			);
			dependencies = (
				080674721D149B1F00BB095C /* PBXTargetDependency */,
			);
			name = SmartContentViewTests;
			productName = SmartContentViewTests;
			productReference = 080674701D149B1F00BB095C /* SmartContentViewTests.xctest */;
			productType = "com.apple.product-type.bundle.unit-test";
		};
		0806747A1D149B1F00BB095C /* SmartContentViewUITests */ = {
			isa = PBXNativeTarget;
			buildConfigurationList = 0806748A1D149B1F00BB095C /* Build configuration list for PBXNativeTarget "SmartContentViewUITests" */;
			buildPhases = (
				080674771D149B1F00BB095C /* Sources */,
				080674781D149B1F00BB095C /* Frameworks */,
				080674791D149B1F00BB095C /* Resources */,
			);
			buildRules = (
			);
			dependencies = (
				0806747D1D149B1F00BB095C /* PBXTargetDependency */,
			);
			name = SmartContentViewUITests;
			productName = SmartContentViewUITests;
			productReference = 0806747B1D149B1F00BB095C /* SmartContentViewUITests.xctest */;
			productType = "com.apple.product-type.bundle.ui-testing";
		};
/* End PBXNativeTarget section */

/* Begin PBXProject section */
		080674541D149B1E00BB095C /* Project object */ = {
			isa = PBXProject;
			attributes = {
				LastSwiftUpdateCheck = 0730;
				LastUpgradeCheck = 0730;
				ORGANIZATIONNAME = Stepic;
				TargetAttributes = {
					0806745B1D149B1E00BB095C = {
						CreatedOnToolsVersion = 7.3;
					};
					0806746F1D149B1F00BB095C = {
						CreatedOnToolsVersion = 7.3;
						TestTargetID = 0806745B1D149B1E00BB095C;
					};
					0806747A1D149B1F00BB095C = {
						CreatedOnToolsVersion = 7.3;
						TestTargetID = 0806745B1D149B1E00BB095C;
					};
				};
			};
			buildConfigurationList = 080674571D149B1E00BB095C /* Build configuration list for PBXProject "SmartContentView" */;
			compatibilityVersion = "Xcode 3.2";
			developmentRegion = English;
			hasScannedForEncodings = 0;
			knownRegions = (
				en,
				Base,
			);
			mainGroup = 080674531D149B1E00BB095C;
			productRefGroup = 0806745D1D149B1E00BB095C /* Products */;
			projectDirPath = "";
			projectRoot = "";
			targets = (
				0806745B1D149B1E00BB095C /* SmartContentView */,
				0806746F1D149B1F00BB095C /* SmartContentViewTests */,
				0806747A1D149B1F00BB095C /* SmartContentViewUITests */,
			);
		};
/* End PBXProject section */

/* Begin PBXResourcesBuildPhase section */
		0806745A1D149B1E00BB095C /* Resources */ = {
			isa = PBXResourcesBuildPhase;
			buildActionMask = 2147483647;
			files = (
				0806746A1D149B1F00BB095C /* LaunchScreen.storyboard in Resources */,
				080674671D149B1F00BB095C /* Assets.xcassets in Resources */,
				080674651D149B1F00BB095C /* Main.storyboard in Resources */,
			);
			runOnlyForDeploymentPostprocessing = 0;
		};
		0806746E1D149B1F00BB095C /* Resources */ = {
			isa = PBXResourcesBuildPhase;
			buildActionMask = 2147483647;
			files = (
			);
			runOnlyForDeploymentPostprocessing = 0;
		};
		080674791D149B1F00BB095C /* Resources */ = {
			isa = PBXResourcesBuildPhase;
			buildActionMask = 2147483647;
			files = (
			);
			runOnlyForDeploymentPostprocessing = 0;
		};
/* End PBXResourcesBuildPhase section */

/* Begin PBXSourcesBuildPhase section */
		080674581D149B1E00BB095C /* Sources */ = {
			isa = PBXSourcesBuildPhase;
			buildActionMask = 2147483647;
			files = (
				080674621D149B1F00BB095C /* ViewController.swift in Sources */,
				080674601D149B1F00BB095C /* AppDelegate.swift in Sources */,
			);
			runOnlyForDeploymentPostprocessing = 0;
		};
		0806746C1D149B1F00BB095C /* Sources */ = {
			isa = PBXSourcesBuildPhase;
			buildActionMask = 2147483647;
			files = (
				080674751D149B1F00BB095C /* SmartContentViewTests.swift in Sources */,
			);
			runOnlyForDeploymentPostprocessing = 0;
		};
		080674771D149B1F00BB095C /* Sources */ = {
			isa = PBXSourcesBuildPhase;
			buildActionMask = 2147483647;
			files = (
				080674801D149B1F00BB095C /* SmartContentViewUITests.swift in Sources */,
			);
			runOnlyForDeploymentPostprocessing = 0;
		};
/* End PBXSourcesBuildPhase section */

/* Begin PBXTargetDependency section */
		080674721D149B1F00BB095C /* PBXTargetDependency */ = {
			isa = PBXTargetDependency;
			target = 0806745B1D149B1E00BB095C /* SmartContentView */;
			targetProxy = 080674711D149B1F00BB095C /* PBXContainerItemProxy */;
		};
		0806747D1D149B1F00BB095C /* PBXTargetDependency */ = {
			isa = PBXTargetDependency;
			target = 0806745B1D149B1E00BB095C /* SmartContentView */;
			targetProxy = 0806747C1D149B1F00BB095C /* PBXContainerItemProxy */;
		};
/* End PBXTargetDependency section */

/* Begin PBXVariantGroup section */
		080674631D149B1F00BB095C /* Main.storyboard */ = {
			isa = PBXVariantGroup;
			children = (
				080674641D149B1F00BB095C /* Base */,
			);
			name = Main.storyboard;
			sourceTree = "<group>";
		};
		080674681D149B1F00BB095C /* LaunchScreen.storyboard */ = {
			isa = PBXVariantGroup;
			children = (
				080674691D149B1F00BB095C /* Base */,
			);
			name = LaunchScreen.storyboard;
			sourceTree = "<group>";
		};
/* End PBXVariantGroup section */

/* Begin XCBuildConfiguration section */
		080674821D149B1F00BB095C /* Debug */ = {
			isa = XCBuildConfiguration;
			buildSettings = {
				ALWAYS_SEARCH_USER_PATHS = NO;
				CLANG_ANALYZER_NONNULL = YES;
				CLANG_CXX_LANGUAGE_STANDARD = "gnu++0x";
				CLANG_CXX_LIBRARY = "libc++";
				CLANG_ENABLE_MODULES = YES;
				CLANG_ENABLE_OBJC_ARC = YES;
				CLANG_WARN_BOOL_CONVERSION = YES;
				CLANG_WARN_CONSTANT_CONVERSION = YES;
				CLANG_WARN_DIRECT_OBJC_ISA_USAGE = YES_ERROR;
				CLANG_WARN_EMPTY_BODY = YES;
				CLANG_WARN_ENUM_CONVERSION = YES;
				CLANG_WARN_INT_CONVERSION = YES;
				CLANG_WARN_OBJC_ROOT_CLASS = YES_ERROR;
				CLANG_WARN_UNREACHABLE_CODE = YES;
				CLANG_WARN__DUPLICATE_METHOD_MATCH = YES;
				"CODE_SIGN_IDENTITY[sdk=iphoneos*]" = "iPhone Developer";
				COPY_PHASE_STRIP = NO;
				DEBUG_INFORMATION_FORMAT = dwarf;
				ENABLE_STRICT_OBJC_MSGSEND = YES;
				ENABLE_TESTABILITY = YES;
				GCC_C_LANGUAGE_STANDARD = gnu99;
				GCC_DYNAMIC_NO_PIC = NO;
				GCC_NO_COMMON_BLOCKS = YES;
				GCC_OPTIMIZATION_LEVEL = 0;
				GCC_PREPROCESSOR_DEFINITIONS = (
					"DEBUG=1",
					"$(inherited)",
				);
				GCC_WARN_64_TO_32_BIT_CONVERSION = YES;
				GCC_WARN_ABOUT_RETURN_TYPE = YES_ERROR;
				GCC_WARN_UNDECLARED_SELECTOR = YES;
				GCC_WARN_UNINITIALIZED_AUTOS = YES_AGGRESSIVE;
				GCC_WARN_UNUSED_FUNCTION = YES;
				GCC_WARN_UNUSED_VARIABLE = YES;
				IPHONEOS_DEPLOYMENT_TARGET = 9.3;
				MTL_ENABLE_DEBUG_INFO = YES;
				ONLY_ACTIVE_ARCH = YES;
				SDKROOT = iphoneos;
				SWIFT_OPTIMIZATION_LEVEL = "-Onone";
				TARGETED_DEVICE_FAMILY = "1,2";
			};
			name = Debug;
		};
		080674831D149B1F00BB095C /* Release */ = {
			isa = XCBuildConfiguration;
			buildSettings = {
				ALWAYS_SEARCH_USER_PATHS = NO;
				CLANG_ANALYZER_NONNULL = YES;
				CLANG_CXX_LANGUAGE_STANDARD = "gnu++0x";
				CLANG_CXX_LIBRARY = "libc++";
				CLANG_ENABLE_MODULES = YES;
				CLANG_ENABLE_OBJC_ARC = YES;
				CLANG_WARN_BOOL_CONVERSION = YES;
				CLANG_WARN_CONSTANT_CONVERSION = YES;
				CLANG_WARN_DIRECT_OBJC_ISA_USAGE = YES_ERROR;
				CLANG_WARN_EMPTY_BODY = YES;
				CLANG_WARN_ENUM_CONVERSION = YES;
				CLANG_WARN_INT_CONVERSION = YES;
				CLANG_WARN_OBJC_ROOT_CLASS = YES_ERROR;
				CLANG_WARN_UNREACHABLE_CODE = YES;
				CLANG_WARN__DUPLICATE_METHOD_MATCH = YES;
				"CODE_SIGN_IDENTITY[sdk=iphoneos*]" = "iPhone Developer";
				COPY_PHASE_STRIP = NO;
				DEBUG_INFORMATION_FORMAT = "dwarf-with-dsym";
				ENABLE_NS_ASSERTIONS = NO;
				ENABLE_STRICT_OBJC_MSGSEND = YES;
				GCC_C_LANGUAGE_STANDARD = gnu99;
				GCC_NO_COMMON_BLOCKS = YES;
				GCC_WARN_64_TO_32_BIT_CONVERSION = YES;
				GCC_WARN_ABOUT_RETURN_TYPE = YES_ERROR;
				GCC_WARN_UNDECLARED_SELECTOR = YES;
				GCC_WARN_UNINITIALIZED_AUTOS = YES_AGGRESSIVE;
				GCC_WARN_UNUSED_FUNCTION = YES;
				GCC_WARN_UNUSED_VARIABLE = YES;
				IPHONEOS_DEPLOYMENT_TARGET = 9.3;
				MTL_ENABLE_DEBUG_INFO = NO;
				SDKROOT = iphoneos;
				TARGETED_DEVICE_FAMILY = "1,2";
				VALIDATE_PRODUCT = YES;
			};
			name = Release;
		};
		080674851D149B1F00BB095C /* Debug */ = {
			isa = XCBuildConfiguration;
			buildSettings = {
				ASSETCATALOG_COMPILER_APPICON_NAME = AppIcon;
				INFOPLIST_FILE = SmartContentView/Info.plist;
				LD_RUNPATH_SEARCH_PATHS = "$(inherited) @executable_path/Frameworks";
				PRODUCT_BUNDLE_IDENTIFIER = com.AlexKarpov.SmartContentView;
				PRODUCT_NAME = "$(TARGET_NAME)";
			};
			name = Debug;
		};
		080674861D149B1F00BB095C /* Release */ = {
			isa = XCBuildConfiguration;
			buildSettings = {
				ASSETCATALOG_COMPILER_APPICON_NAME = AppIcon;
				INFOPLIST_FILE = SmartContentView/Info.plist;
				LD_RUNPATH_SEARCH_PATHS = "$(inherited) @executable_path/Frameworks";
				PRODUCT_BUNDLE_IDENTIFIER = com.AlexKarpov.SmartContentView;
				PRODUCT_NAME = "$(TARGET_NAME)";
			};
			name = Release;
		};
		080674881D149B1F00BB095C /* Debug */ = {
			isa = XCBuildConfiguration;
			buildSettings = {
				BUNDLE_LOADER = "$(TEST_HOST)";
				INFOPLIST_FILE = SmartContentViewTests/Info.plist;
				LD_RUNPATH_SEARCH_PATHS = "$(inherited) @executable_path/Frameworks @loader_path/Frameworks";
				PRODUCT_BUNDLE_IDENTIFIER = com.AlexKarpov.SmartContentViewTests;
				PRODUCT_NAME = "$(TARGET_NAME)";
				TEST_HOST = "$(BUILT_PRODUCTS_DIR)/SmartContentView.app/SmartContentView";
			};
			name = Debug;
		};
		080674891D149B1F00BB095C /* Release */ = {
			isa = XCBuildConfiguration;
			buildSettings = {
				BUNDLE_LOADER = "$(TEST_HOST)";
				INFOPLIST_FILE = SmartContentViewTests/Info.plist;
				LD_RUNPATH_SEARCH_PATHS = "$(inherited) @executable_path/Frameworks @loader_path/Frameworks";
				PRODUCT_BUNDLE_IDENTIFIER = com.AlexKarpov.SmartContentViewTests;
				PRODUCT_NAME = "$(TARGET_NAME)";
				TEST_HOST = "$(BUILT_PRODUCTS_DIR)/SmartContentView.app/SmartContentView";
			};
			name = Release;
		};
		0806748B1D149B1F00BB095C /* Debug */ = {
			isa = XCBuildConfiguration;
			buildSettings = {
				INFOPLIST_FILE = SmartContentViewUITests/Info.plist;
				LD_RUNPATH_SEARCH_PATHS = "$(inherited) @executable_path/Frameworks @loader_path/Frameworks";
				PRODUCT_BUNDLE_IDENTIFIER = com.AlexKarpov.SmartContentViewUITests;
				PRODUCT_NAME = "$(TARGET_NAME)";
				TEST_TARGET_NAME = SmartContentView;
			};
			name = Debug;
		};
		0806748C1D149B1F00BB095C /* Release */ = {
			isa = XCBuildConfiguration;
			buildSettings = {
				INFOPLIST_FILE = SmartContentViewUITests/Info.plist;
				LD_RUNPATH_SEARCH_PATHS = "$(inherited) @executable_path/Frameworks @loader_path/Frameworks";
				PRODUCT_BUNDLE_IDENTIFIER = com.AlexKarpov.SmartContentViewUITests;
				PRODUCT_NAME = "$(TARGET_NAME)";
				TEST_TARGET_NAME = SmartContentView;
			};
			name = Release;
		};
/* End XCBuildConfiguration section */

/* Begin XCConfigurationList section */
		080674571D149B1E00BB095C /* Build configuration list for PBXProject "SmartContentView" */ = {
			isa = XCConfigurationList;
			buildConfigurations = (
				080674821D149B1F00BB095C /* Debug */,
				080674831D149B1F00BB095C /* Release */,
			);
			defaultConfigurationIsVisible = 0;
			defaultConfigurationName = Release;
		};
		080674841D149B1F00BB095C /* Build configuration list for PBXNativeTarget "SmartContentView" */ = {
			isa = XCConfigurationList;
			buildConfigurations = (
				080674851D149B1F00BB095C /* Debug */,
				080674861D149B1F00BB095C /* Release */,
			);
			defaultConfigurationIsVisible = 0;
		};
		080674871D149B1F00BB095C /* Build configuration list for PBXNativeTarget "SmartContentViewTests" */ = {
			isa = XCConfigurationList;
			buildConfigurations = (
				080674881D149B1F00BB095C /* Debug */,
				080674891D149B1F00BB095C /* Release */,
			);
			defaultConfigurationIsVisible = 0;
		};
		0806748A1D149B1F00BB095C /* Build configuration list for PBXNativeTarget "SmartContentViewUITests" */ = {
			isa = XCConfigurationList;
			buildConfigurations = (
				0806748B1D149B1F00BB095C /* Debug */,
				0806748C1D149B1F00BB095C /* Release */,
			);
			defaultConfigurationIsVisible = 0;
		};
/* End XCConfigurationList section */
	};
	rootObject = 080674541D149B1E00BB095C /* Project object */;
}
