// !$*UTF8*$!
{
	archiveVersion = 1;
	classes = {
	};
	objectVersion = 46;
	objects = {

/* Begin PBXBuildFile section */
		080674601D149B1F00BB095C /* AppDelegate.swift in Sources */ = {isa = PBXBuildFile; fileRef = 0806745F1D149B1F00BB095C /* AppDelegate.swift */; };
		080674621D149B1F00BB095C /* ViewController.swift in Sources */ = {isa = PBXBuildFile; fileRef = 080674611D149B1F00BB095C /* ViewController.swift */; };
		080674651D149B1F00BB095C /* Main.storyboard in Resources */ = {isa = PBXBuildFile; fileRef = 080674631D149B1F00BB095C /* Main.storyboard */; };
		080674671D149B1F00BB095C /* Assets.xcassets in Resources */ = {isa = PBXBuildFile; fileRef = 080674661D149B1F00BB095C /* Assets.xcassets */; };
		0806746A1D149B1F00BB095C /* LaunchScreen.storyboard in Resources */ = {isa = PBXBuildFile; fileRef = 080674681D149B1F00BB095C /* LaunchScreen.storyboard */; };
		080674751D149B1F00BB095C /* SmartContentViewTests.swift in Sources */ = {isa = PBXBuildFile; fileRef = 080674741D149B1F00BB095C /* SmartContentViewTests.swift */; };
		080674801D149B1F00BB095C /* SmartContentViewUITests.swift in Sources */ = {isa = PBXBuildFile; fileRef = 0806747F1D149B1F00BB095C /* SmartContentViewUITests.swift */; };
		0806748F1D14A7A900BB095C /* HTMLParsingUtil.swift in Sources */ = {isa = PBXBuildFile; fileRef = 0806748D1D14A7A900BB095C /* HTMLParsingUtil.swift */; };
		080674901D14A7A900BB095C /* TagDetectionUtil.swift in Sources */ = {isa = PBXBuildFile; fileRef = 0806748E1D14A7A900BB095C /* TagDetectionUtil.swift */; };
		080674931D14AAC200BB095C /* HTMLContentView.swift in Sources */ = {isa = PBXBuildFile; fileRef = 080674921D14AAC200BB095C /* HTMLContentView.swift */; };
		080674971D14B7A100BB095C /* SampleContentTableViewCell.swift in Sources */ = {isa = PBXBuildFile; fileRef = 080674951D14B7A100BB095C /* SampleContentTableViewCell.swift */; };
		080674981D14B7A100BB095C /* SampleContentTableViewCell.xib in Resources */ = {isa = PBXBuildFile; fileRef = 080674961D14B7A100BB095C /* SampleContentTableViewCell.xib */; };
		0806749B1D14C2B500BB095C /* HTMLContentViewInteractionDelegate.swift in Sources */ = {isa = PBXBuildFile; fileRef = 0806749A1D14C2B500BB095C /* HTMLContentViewInteractionDelegate.swift */; };
		3A01AB67C860C529AA631C5E /* Pods_SmartContentViewTests.framework in Frameworks */ = {isa = PBXBuildFile; fileRef = 74B6E8C3854A46EBD4929790 /* Pods_SmartContentViewTests.framework */; };
		442E20FDD13EDC2E4CDAC54D /* Pods_SmartContentViewUITests.framework in Frameworks */ = {isa = PBXBuildFile; fileRef = 87D5B7C2D0FF6C7DB874CA1D /* Pods_SmartContentViewUITests.framework */; };
		F420C0B6ECF65CA9E003D511 /* Pods_SmartContentView.framework in Frameworks */ = {isa = PBXBuildFile; fileRef = 5835C98315819CCBF8F1CAB0 /* Pods_SmartContentView.framework */; };
/* End PBXBuildFile section */

/* Begin PBXContainerItemProxy section */
		080674711D149B1F00BB095C /* PBXContainerItemProxy */ = {
			isa = PBXContainerItemProxy;
			containerPortal = 080674541D149B1E00BB095C /* Project object */;
			proxyType = 1;
			remoteGlobalIDString = 0806745B1D149B1E00BB095C;
			remoteInfo = SmartContentView;
		};
		0806747C1D149B1F00BB095C /* PBXContainerItemProxy */ = {
			isa = PBXContainerItemProxy;
			containerPortal = 080674541D149B1E00BB095C /* Project object */;
			proxyType = 1;
			remoteGlobalIDString = 0806745B1D149B1E00BB095C;
			remoteInfo = SmartContentView;
		};
/* End PBXContainerItemProxy section */

/* Begin PBXFileReference section */
		0806745C1D149B1E00BB095C /* SmartContentView.app */ = {isa = PBXFileReference; explicitFileType = wrapper.application; includeInIndex = 0; path = SmartContentView.app; sourceTree = BUILT_PRODUCTS_DIR; };
		0806745F1D149B1F00BB095C /* AppDelegate.swift */ = {isa = PBXFileReference; lastKnownFileType = sourcecode.swift; path = AppDelegate.swift; sourceTree = "<group>"; };
		080674611D149B1F00BB095C /* ViewController.swift */ = {isa = PBXFileReference; lastKnownFileType = sourcecode.swift; path = ViewController.swift; sourceTree = "<group>"; };
		080674641D149B1F00BB095C /* Base */ = {isa = PBXFileReference; lastKnownFileType = file.storyboard; name = Base; path = Base.lproj/Main.storyboard; sourceTree = "<group>"; };
		080674661D149B1F00BB095C /* Assets.xcassets */ = {isa = PBXFileReference; lastKnownFileType = folder.assetcatalog; path = Assets.xcassets; sourceTree = "<group>"; };
		080674691D149B1F00BB095C /* Base */ = {isa = PBXFileReference; lastKnownFileType = file.storyboard; name = Base; path = Base.lproj/LaunchScreen.storyboard; sourceTree = "<group>"; };
		0806746B1D149B1F00BB095C /* Info.plist */ = {isa = PBXFileReference; lastKnownFileType = text.plist.xml; path = Info.plist; sourceTree = "<group>"; };
		080674701D149B1F00BB095C /* SmartContentViewTests.xctest */ = {isa = PBXFileReference; explicitFileType = wrapper.cfbundle; includeInIndex = 0; path = SmartContentViewTests.xctest; sourceTree = BUILT_PRODUCTS_DIR; };
		080674741D149B1F00BB095C /* SmartContentViewTests.swift */ = {isa = PBXFileReference; lastKnownFileType = sourcecode.swift; path = SmartContentViewTests.swift; sourceTree = "<group>"; };
		080674761D149B1F00BB095C /* Info.plist */ = {isa = PBXFileReference; lastKnownFileType = text.plist.xml; path = Info.plist; sourceTree = "<group>"; };
		0806747B1D149B1F00BB095C /* SmartContentViewUITests.xctest */ = {isa = PBXFileReference; explicitFileType = wrapper.cfbundle; includeInIndex = 0; path = SmartContentViewUITests.xctest; sourceTree = BUILT_PRODUCTS_DIR; };
		0806747F1D149B1F00BB095C /* SmartContentViewUITests.swift */ = {isa = PBXFileReference; lastKnownFileType = sourcecode.swift; path = SmartContentViewUITests.swift; sourceTree = "<group>"; };
		080674811D149B1F00BB095C /* Info.plist */ = {isa = PBXFileReference; lastKnownFileType = text.plist.xml; path = Info.plist; sourceTree = "<group>"; };
		0806748D1D14A7A900BB095C /* HTMLParsingUtil.swift */ = {isa = PBXFileReference; fileEncoding = 4; lastKnownFileType = sourcecode.swift; path = HTMLParsingUtil.swift; sourceTree = "<group>"; };
		0806748E1D14A7A900BB095C /* TagDetectionUtil.swift */ = {isa = PBXFileReference; fileEncoding = 4; lastKnownFileType = sourcecode.swift; path = TagDetectionUtil.swift; sourceTree = "<group>"; };
		080674921D14AAC200BB095C /* HTMLContentView.swift */ = {isa = PBXFileReference; fileEncoding = 4; lastKnownFileType = sourcecode.swift; path = HTMLContentView.swift; sourceTree = "<group>"; };
		080674951D14B7A100BB095C /* SampleContentTableViewCell.swift */ = {isa = PBXFileReference; fileEncoding = 4; lastKnownFileType = sourcecode.swift; path = SampleContentTableViewCell.swift; sourceTree = "<group>"; };
		080674961D14B7A100BB095C /* SampleContentTableViewCell.xib */ = {isa = PBXFileReference; fileEncoding = 4; lastKnownFileType = file.xib; path = SampleContentTableViewCell.xib; sourceTree = "<group>"; };
		0806749A1D14C2B500BB095C /* HTMLContentViewInteractionDelegate.swift */ = {isa = PBXFileReference; fileEncoding = 4; lastKnownFileType = sourcecode.swift; path = HTMLContentViewInteractionDelegate.swift; sourceTree = "<group>"; };
		28A3AA653E8316DE15905A6C /* Pods-SmartContentViewTests.release.xcconfig */ = {isa = PBXFileReference; includeInIndex = 1; lastKnownFileType = text.xcconfig; name = "Pods-SmartContentViewTests.release.xcconfig"; path = "Pods/Target Support Files/Pods-SmartContentViewTests/Pods-SmartContentViewTests.release.xcconfig"; sourceTree = "<group>"; };
		5835C98315819CCBF8F1CAB0 /* Pods_SmartContentView.framework */ = {isa = PBXFileReference; explicitFileType = wrapper.framework; includeInIndex = 0; path = Pods_SmartContentView.framework; sourceTree = BUILT_PRODUCTS_DIR; };
		71A24BD11418DBB545B5FA2B /* Pods-SmartContentViewUITests.release.xcconfig */ = {isa = PBXFileReference; includeInIndex = 1; lastKnownFileType = text.xcconfig; name = "Pods-SmartContentViewUITests.release.xcconfig"; path = "Pods/Target Support Files/Pods-SmartContentViewUITests/Pods-SmartContentViewUITests.release.xcconfig"; sourceTree = "<group>"; };
		74B6E8C3854A46EBD4929790 /* Pods_SmartContentViewTests.framework */ = {isa = PBXFileReference; explicitFileType = wrapper.framework; includeInIndex = 0; path = Pods_SmartContentViewTests.framework; sourceTree = BUILT_PRODUCTS_DIR; };
		87D5B7C2D0FF6C7DB874CA1D /* Pods_SmartContentViewUITests.framework */ = {isa = PBXFileReference; explicitFileType = wrapper.framework; includeInIndex = 0; path = Pods_SmartContentViewUITests.framework; sourceTree = BUILT_PRODUCTS_DIR; };
		959620943C19B72B7627A594 /* Pods-SmartContentViewTests.debug.xcconfig */ = {isa = PBXFileReference; includeInIndex = 1; lastKnownFileType = text.xcconfig; name = "Pods-SmartContentViewTests.debug.xcconfig"; path = "Pods/Target Support Files/Pods-SmartContentViewTests/Pods-SmartContentViewTests.debug.xcconfig"; sourceTree = "<group>"; };
		B893DFCDA0865067FC64CE45 /* Pods-SmartContentViewUITests.debug.xcconfig */ = {isa = PBXFileReference; includeInIndex = 1; lastKnownFileType = text.xcconfig; name = "Pods-SmartContentViewUITests.debug.xcconfig"; path = "Pods/Target Support Files/Pods-SmartContentViewUITests/Pods-SmartContentViewUITests.debug.xcconfig"; sourceTree = "<group>"; };
		D56C204425B9929E7BCD541F /* Pods-SmartContentView.debug.xcconfig */ = {isa = PBXFileReference; includeInIndex = 1; lastKnownFileType = text.xcconfig; name = "Pods-SmartContentView.debug.xcconfig"; path = "Pods/Target Support Files/Pods-SmartContentView/Pods-SmartContentView.debug.xcconfig"; sourceTree = "<group>"; };
		F0BEFA76EEE3E26FC886464F /* Pods-SmartContentView.release.xcconfig */ = {isa = PBXFileReference; includeInIndex = 1; lastKnownFileType = text.xcconfig; name = "Pods-SmartContentView.release.xcconfig"; path = "Pods/Target Support Files/Pods-SmartContentView/Pods-SmartContentView.release.xcconfig"; sourceTree = "<group>"; };
/* End PBXFileReference section */

/* Begin PBXFrameworksBuildPhase section */
		080674591D149B1E00BB095C /* Frameworks */ = {
			isa = PBXFrameworksBuildPhase;
			buildActionMask = 2147483647;
			files = (
				F420C0B6ECF65CA9E003D511 /* Pods_SmartContentView.framework in Frameworks */,
			);
			runOnlyForDeploymentPostprocessing = 0;
		};
		0806746D1D149B1F00BB095C /* Frameworks */ = {
			isa = PBXFrameworksBuildPhase;
			buildActionMask = 2147483647;
			files = (
				3A01AB67C860C529AA631C5E /* Pods_SmartContentViewTests.framework in Frameworks */,
			);
			runOnlyForDeploymentPostprocessing = 0;
		};
		080674781D149B1F00BB095C /* Frameworks */ = {
			isa = PBXFrameworksBuildPhase;
			buildActionMask = 2147483647;
			files = (
				442E20FDD13EDC2E4CDAC54D /* Pods_SmartContentViewUITests.framework in Frameworks */,
			);
			runOnlyForDeploymentPostprocessing = 0;
		};
/* End PBXFrameworksBuildPhase section */

/* Begin PBXGroup section */
		080674531D149B1E00BB095C = {
			isa = PBXGroup;
			children = (
				0806745E1D149B1F00BB095C /* SmartContentView */,
				080674731D149B1F00BB095C /* SmartContentViewTests */,
				0806747E1D149B1F00BB095C /* SmartContentViewUITests */,
				0806745D1D149B1E00BB095C /* Products */,
				BA79C75A6367003E4A943A6D /* Pods */,
				550FBEE0A4C7D8DB05378324 /* Frameworks */,
			);
			sourceTree = "<group>";
		};
		0806745D1D149B1E00BB095C /* Products */ = {
			isa = PBXGroup;
			children = (
				0806745C1D149B1E00BB095C /* SmartContentView.app */,
				080674701D149B1F00BB095C /* SmartContentViewTests.xctest */,
				0806747B1D149B1F00BB095C /* SmartContentViewUITests.xctest */,
			);
			name = Products;
			sourceTree = "<group>";
		};
		0806745E1D149B1F00BB095C /* SmartContentView */ = {
			isa = PBXGroup;
			children = (
				080674941D14B75D00BB095C /* Demo */,
				080674911D14A8FF00BB095C /* Utils */,
				0806745F1D149B1F00BB095C /* AppDelegate.swift */,
				080674611D149B1F00BB095C /* ViewController.swift */,
				080674631D149B1F00BB095C /* Main.storyboard */,
				080674661D149B1F00BB095C /* Assets.xcassets */,
				080674681D149B1F00BB095C /* LaunchScreen.storyboard */,
				0806746B1D149B1F00BB095C /* Info.plist */,
				080674991D14BE5000BB095C /* HTMLContentView */,
			);
			path = SmartContentView;
			sourceTree = "<group>";
		};
		080674731D149B1F00BB095C /* SmartContentViewTests */ = {
			isa = PBXGroup;
			children = (
				080674741D149B1F00BB095C /* SmartContentViewTests.swift */,
				080674761D149B1F00BB095C /* Info.plist */,
			);
			path = SmartContentViewTests;
			sourceTree = "<group>";
		};
		0806747E1D149B1F00BB095C /* SmartContentViewUITests */ = {
			isa = PBXGroup;
			children = (
				0806747F1D149B1F00BB095C /* SmartContentViewUITests.swift */,
				080674811D149B1F00BB095C /* Info.plist */,
			);
			path = SmartContentViewUITests;
			sourceTree = "<group>";
		};
		080674911D14A8FF00BB095C /* Utils */ = {
			isa = PBXGroup;
			children = (
				0806748D1D14A7A900BB095C /* HTMLParsingUtil.swift */,
				0806748E1D14A7A900BB095C /* TagDetectionUtil.swift */,
			);
			name = Utils;
			sourceTree = "<group>";
		};
		080674941D14B75D00BB095C /* Demo */ = {
			isa = PBXGroup;
			children = (
				080674951D14B7A100BB095C /* SampleContentTableViewCell.swift */,
				080674961D14B7A100BB095C /* SampleContentTableViewCell.xib */,
			);
			name = Demo;
			sourceTree = "<group>";
		};
		080674991D14BE5000BB095C /* HTMLContentView */ = {
			isa = PBXGroup;
			children = (
				080674921D14AAC200BB095C /* HTMLContentView.swift */,
				0806749A1D14C2B500BB095C /* HTMLContentViewInteractionDelegate.swift */,
			);
			name = HTMLContentView;
			sourceTree = "<group>";
		};
		550FBEE0A4C7D8DB05378324 /* Frameworks */ = {
			isa = PBXGroup;
			children = (
				5835C98315819CCBF8F1CAB0 /* Pods_SmartContentView.framework */,
				74B6E8C3854A46EBD4929790 /* Pods_SmartContentViewTests.framework */,
				87D5B7C2D0FF6C7DB874CA1D /* Pods_SmartContentViewUITests.framework */,
			);
			name = Frameworks;
			sourceTree = "<group>";
		};
		BA79C75A6367003E4A943A6D /* Pods */ = {
			isa = PBXGroup;
			children = (
				D56C204425B9929E7BCD541F /* Pods-SmartContentView.debug.xcconfig */,
				F0BEFA76EEE3E26FC886464F /* Pods-SmartContentView.release.xcconfig */,
				959620943C19B72B7627A594 /* Pods-SmartContentViewTests.debug.xcconfig */,
				28A3AA653E8316DE15905A6C /* Pods-SmartContentViewTests.release.xcconfig */,
				B893DFCDA0865067FC64CE45 /* Pods-SmartContentViewUITests.debug.xcconfig */,
				71A24BD11418DBB545B5FA2B /* Pods-SmartContentViewUITests.release.xcconfig */,
			);
			name = Pods;
			sourceTree = "<group>";
		};
/* End PBXGroup section */

/* Begin PBXNativeTarget section */
		0806745B1D149B1E00BB095C /* SmartContentView */ = {
			isa = PBXNativeTarget;
			buildConfigurationList = 080674841D149B1F00BB095C /* Build configuration list for PBXNativeTarget "SmartContentView" */;
			buildPhases = (
				C812D939087870284563967A /* [CP] Check Pods Manifest.lock */,
				080674581D149B1E00BB095C /* Sources */,
				080674591D149B1E00BB095C /* Frameworks */,
				0806745A1D149B1E00BB095C /* Resources */,
				EC6906ADEA0FDD0DEB3BFF92 /* [CP] Embed Pods Frameworks */,
				8D50EE4E8C510FA6717AC813 /* [CP] Copy Pods Resources */,
			);
			buildRules = (
			);
			dependencies = (
			);
			name = SmartContentView;
			productName = SmartContentView;
			productReference = 0806745C1D149B1E00BB095C /* SmartContentView.app */;
			productType = "com.apple.product-type.application";
		};
		0806746F1D149B1F00BB095C /* SmartContentViewTests */ = {
			isa = PBXNativeTarget;
			buildConfigurationList = 080674871D149B1F00BB095C /* Build configuration list for PBXNativeTarget "SmartContentViewTests" */;
			buildPhases = (
				10136F81B012D5E9E7525EC3 /* [CP] Check Pods Manifest.lock */,
				0806746C1D149B1F00BB095C /* Sources */,
				0806746D1D149B1F00BB095C /* Frameworks */,
				0806746E1D149B1F00BB095C /* Resources */,
				7896338F85BB558D1EE20FD3 /* [CP] Embed Pods Frameworks */,
				80A2987F9D512396D630F469 /* [CP] Copy Pods Resources */,
			);
			buildRules = (
			);
			dependencies = (
				080674721D149B1F00BB095C /* PBXTargetDependency */,
			);
			name = SmartContentViewTests;
			productName = SmartContentViewTests;
			productReference = 080674701D149B1F00BB095C /* SmartContentViewTests.xctest */;
			productType = "com.apple.product-type.bundle.unit-test";
		};
		0806747A1D149B1F00BB095C /* SmartContentViewUITests */ = {
			isa = PBXNativeTarget;
			buildConfigurationList = 0806748A1D149B1F00BB095C /* Build configuration list for PBXNativeTarget "SmartContentViewUITests" */;
			buildPhases = (
				529955FE1277953B8BEC09E8 /* [CP] Check Pods Manifest.lock */,
				080674771D149B1F00BB095C /* Sources */,
				080674781D149B1F00BB095C /* Frameworks */,
				080674791D149B1F00BB095C /* Resources */,
				EFD325092EBB8C5B4BA5CC57 /* [CP] Copy Pods Resources */,
			);
			buildRules = (
			);
			dependencies = (
				0806747D1D149B1F00BB095C /* PBXTargetDependency */,
			);
			name = SmartContentViewUITests;
			productName = SmartContentViewUITests;
			productReference = 0806747B1D149B1F00BB095C /* SmartContentViewUITests.xctest */;
			productType = "com.apple.product-type.bundle.ui-testing";
		};
/* End PBXNativeTarget section */

/* Begin PBXProject section */
		080674541D149B1E00BB095C /* Project object */ = {
			isa = PBXProject;
			attributes = {
				LastSwiftUpdateCheck = 0730;
				LastUpgradeCheck = 0730;
				ORGANIZATIONNAME = Stepic;
				TargetAttributes = {
					0806745B1D149B1E00BB095C = {
						CreatedOnToolsVersion = 7.3;
					};
					0806746F1D149B1F00BB095C = {
						CreatedOnToolsVersion = 7.3;
						TestTargetID = 0806745B1D149B1E00BB095C;
					};
					0806747A1D149B1F00BB095C = {
						CreatedOnToolsVersion = 7.3;
						TestTargetID = 0806745B1D149B1E00BB095C;
					};
				};
			};
			buildConfigurationList = 080674571D149B1E00BB095C /* Build configuration list for PBXProject "SmartContentView" */;
			compatibilityVersion = "Xcode 3.2";
			developmentRegion = English;
			hasScannedForEncodings = 0;
			knownRegions = (
				en,
				Base,
			);
			mainGroup = 080674531D149B1E00BB095C;
			productRefGroup = 0806745D1D149B1E00BB095C /* Products */;
			projectDirPath = "";
			projectRoot = "";
			targets = (
				0806745B1D149B1E00BB095C /* SmartContentView */,
				0806746F1D149B1F00BB095C /* SmartContentViewTests */,
				0806747A1D149B1F00BB095C /* SmartContentViewUITests */,
			);
		};
/* End PBXProject section */

/* Begin PBXResourcesBuildPhase section */
		0806745A1D149B1E00BB095C /* Resources */ = {
			isa = PBXResourcesBuildPhase;
			buildActionMask = 2147483647;
			files = (
				0806746A1D149B1F00BB095C /* LaunchScreen.storyboard in Resources */,
				080674671D149B1F00BB095C /* Assets.xcassets in Resources */,
				080674651D149B1F00BB095C /* Main.storyboard in Resources */,
				080674981D14B7A100BB095C /* SampleContentTableViewCell.xib in Resources */,
			);
			runOnlyForDeploymentPostprocessing = 0;
		};
		0806746E1D149B1F00BB095C /* Resources */ = {
			isa = PBXResourcesBuildPhase;
			buildActionMask = 2147483647;
			files = (
			);
			runOnlyForDeploymentPostprocessing = 0;
		};
		080674791D149B1F00BB095C /* Resources */ = {
			isa = PBXResourcesBuildPhase;
			buildActionMask = 2147483647;
			files = (
			);
			runOnlyForDeploymentPostprocessing = 0;
		};
/* End PBXResourcesBuildPhase section */

/* Begin PBXShellScriptBuildPhase section */
		10136F81B012D5E9E7525EC3 /* [CP] Check Pods Manifest.lock */ = {
			isa = PBXShellScriptBuildPhase;
			buildActionMask = 2147483647;
			files = (
			);
			inputPaths = (
			);
			name = "[CP] Check Pods Manifest.lock";
			outputPaths = (
			);
			runOnlyForDeploymentPostprocessing = 0;
			shellPath = /bin/sh;
			shellScript = "diff \"${PODS_ROOT}/../Podfile.lock\" \"${PODS_ROOT}/Manifest.lock\" > /dev/null\nif [[ $? != 0 ]] ; then\n    cat << EOM\nerror: The sandbox is not in sync with the Podfile.lock. Run 'pod install' or update your CocoaPods installation.\nEOM\n    exit 1\nfi\n";
			showEnvVarsInLog = 0;
		};
		529955FE1277953B8BEC09E8 /* [CP] Check Pods Manifest.lock */ = {
			isa = PBXShellScriptBuildPhase;
			buildActionMask = 2147483647;
			files = (
			);
			inputPaths = (
			);
			name = "[CP] Check Pods Manifest.lock";
			outputPaths = (
			);
			runOnlyForDeploymentPostprocessing = 0;
			shellPath = /bin/sh;
			shellScript = "diff \"${PODS_ROOT}/../Podfile.lock\" \"${PODS_ROOT}/Manifest.lock\" > /dev/null\nif [[ $? != 0 ]] ; then\n    cat << EOM\nerror: The sandbox is not in sync with the Podfile.lock. Run 'pod install' or update your CocoaPods installation.\nEOM\n    exit 1\nfi\n";
			showEnvVarsInLog = 0;
		};
		7896338F85BB558D1EE20FD3 /* [CP] Embed Pods Frameworks */ = {
			isa = PBXShellScriptBuildPhase;
			buildActionMask = 2147483647;
			files = (
			);
			inputPaths = (
			);
			name = "[CP] Embed Pods Frameworks";
			outputPaths = (
			);
			runOnlyForDeploymentPostprocessing = 0;
			shellPath = /bin/sh;
			shellScript = "\"${SRCROOT}/Pods/Target Support Files/Pods-SmartContentViewTests/Pods-SmartContentViewTests-frameworks.sh\"\n";
			showEnvVarsInLog = 0;
		};
		80A2987F9D512396D630F469 /* [CP] Copy Pods Resources */ = {
			isa = PBXShellScriptBuildPhase;
			buildActionMask = 2147483647;
			files = (
			);
			inputPaths = (
			);
			name = "[CP] Copy Pods Resources";
			outputPaths = (
			);
			runOnlyForDeploymentPostprocessing = 0;
			shellPath = /bin/sh;
			shellScript = "\"${SRCROOT}/Pods/Target Support Files/Pods-SmartContentViewTests/Pods-SmartContentViewTests-resources.sh\"\n";
			showEnvVarsInLog = 0;
		};
		8D50EE4E8C510FA6717AC813 /* [CP] Copy Pods Resources */ = {
			isa = PBXShellScriptBuildPhase;
			buildActionMask = 2147483647;
			files = (
			);
			inputPaths = (
			);
			name = "[CP] Copy Pods Resources";
			outputPaths = (
			);
			runOnlyForDeploymentPostprocessing = 0;
			shellPath = /bin/sh;
			shellScript = "\"${SRCROOT}/Pods/Target Support Files/Pods-SmartContentView/Pods-SmartContentView-resources.sh\"\n";
			showEnvVarsInLog = 0;
		};
		C812D939087870284563967A /* [CP] Check Pods Manifest.lock */ = {
			isa = PBXShellScriptBuildPhase;
			buildActionMask = 2147483647;
			files = (
			);
			inputPaths = (
			);
			name = "[CP] Check Pods Manifest.lock";
			outputPaths = (
			);
			runOnlyForDeploymentPostprocessing = 0;
			shellPath = /bin/sh;
			shellScript = "diff \"${PODS_ROOT}/../Podfile.lock\" \"${PODS_ROOT}/Manifest.lock\" > /dev/null\nif [[ $? != 0 ]] ; then\n    cat << EOM\nerror: The sandbox is not in sync with the Podfile.lock. Run 'pod install' or update your CocoaPods installation.\nEOM\n    exit 1\nfi\n";
			showEnvVarsInLog = 0;
		};
		EC6906ADEA0FDD0DEB3BFF92 /* [CP] Embed Pods Frameworks */ = {
			isa = PBXShellScriptBuildPhase;
			buildActionMask = 2147483647;
			files = (
			);
			inputPaths = (
			);
			name = "[CP] Embed Pods Frameworks";
			outputPaths = (
			);
			runOnlyForDeploymentPostprocessing = 0;
			shellPath = /bin/sh;
			shellScript = "\"${SRCROOT}/Pods/Target Support Files/Pods-SmartContentView/Pods-SmartContentView-frameworks.sh\"\n";
			showEnvVarsInLog = 0;
		};
		EFD325092EBB8C5B4BA5CC57 /* [CP] Copy Pods Resources */ = {
			isa = PBXShellScriptBuildPhase;
			buildActionMask = 2147483647;
			files = (
			);
			inputPaths = (
			);
			name = "[CP] Copy Pods Resources";
			outputPaths = (
			);
			runOnlyForDeploymentPostprocessing = 0;
			shellPath = /bin/sh;
			shellScript = "\"${SRCROOT}/Pods/Target Support Files/Pods-SmartContentViewUITests/Pods-SmartContentViewUITests-resources.sh\"\n";
			showEnvVarsInLog = 0;
		};
/* End PBXShellScriptBuildPhase section */

/* Begin PBXSourcesBuildPhase section */
		080674581D149B1E00BB095C /* Sources */ = {
			isa = PBXSourcesBuildPhase;
			buildActionMask = 2147483647;
			files = (
				080674971D14B7A100BB095C /* SampleContentTableViewCell.swift in Sources */,
				080674931D14AAC200BB095C /* HTMLContentView.swift in Sources */,
				0806748F1D14A7A900BB095C /* HTMLParsingUtil.swift in Sources */,
				080674621D149B1F00BB095C /* ViewController.swift in Sources */,
				080674901D14A7A900BB095C /* TagDetectionUtil.swift in Sources */,
				0806749B1D14C2B500BB095C /* HTMLContentViewInteractionDelegate.swift in Sources */,
				080674601D149B1F00BB095C /* AppDelegate.swift in Sources */,
			);
			runOnlyForDeploymentPostprocessing = 0;
		};
		0806746C1D149B1F00BB095C /* Sources */ = {
			isa = PBXSourcesBuildPhase;
			buildActionMask = 2147483647;
			files = (
				080674751D149B1F00BB095C /* SmartContentViewTests.swift in Sources */,
			);
			runOnlyForDeploymentPostprocessing = 0;
		};
		080674771D149B1F00BB095C /* Sources */ = {
			isa = PBXSourcesBuildPhase;
			buildActionMask = 2147483647;
			files = (
				080674801D149B1F00BB095C /* SmartContentViewUITests.swift in Sources */,
			);
			runOnlyForDeploymentPostprocessing = 0;
		};
/* End PBXSourcesBuildPhase section */

/* Begin PBXTargetDependency section */
		080674721D149B1F00BB095C /* PBXTargetDependency */ = {
			isa = PBXTargetDependency;
			target = 0806745B1D149B1E00BB095C /* SmartContentView */;
			targetProxy = 080674711D149B1F00BB095C /* PBXContainerItemProxy */;
		};
		0806747D1D149B1F00BB095C /* PBXTargetDependency */ = {
			isa = PBXTargetDependency;
			target = 0806745B1D149B1E00BB095C /* SmartContentView */;
			targetProxy = 0806747C1D149B1F00BB095C /* PBXContainerItemProxy */;
		};
/* End PBXTargetDependency section */

/* Begin PBXVariantGroup section */
		080674631D149B1F00BB095C /* Main.storyboard */ = {
			isa = PBXVariantGroup;
			children = (
				080674641D149B1F00BB095C /* Base */,
			);
			name = Main.storyboard;
			sourceTree = "<group>";
		};
		080674681D149B1F00BB095C /* LaunchScreen.storyboard */ = {
			isa = PBXVariantGroup;
			children = (
				080674691D149B1F00BB095C /* Base */,
			);
			name = LaunchScreen.storyboard;
			sourceTree = "<group>";
		};
/* End PBXVariantGroup section */

/* Begin XCBuildConfiguration section */
		080674821D149B1F00BB095C /* Debug */ = {
			isa = XCBuildConfiguration;
			buildSettings = {
				ALWAYS_SEARCH_USER_PATHS = NO;
				CLANG_ANALYZER_NONNULL = YES;
				CLANG_CXX_LANGUAGE_STANDARD = "gnu++0x";
				CLANG_CXX_LIBRARY = "libc++";
				CLANG_ENABLE_MODULES = YES;
				CLANG_ENABLE_OBJC_ARC = YES;
				CLANG_WARN_BOOL_CONVERSION = YES;
				CLANG_WARN_CONSTANT_CONVERSION = YES;
				CLANG_WARN_DIRECT_OBJC_ISA_USAGE = YES_ERROR;
				CLANG_WARN_EMPTY_BODY = YES;
				CLANG_WARN_ENUM_CONVERSION = YES;
				CLANG_WARN_INT_CONVERSION = YES;
				CLANG_WARN_OBJC_ROOT_CLASS = YES_ERROR;
				CLANG_WARN_UNREACHABLE_CODE = YES;
				CLANG_WARN__DUPLICATE_METHOD_MATCH = YES;
				"CODE_SIGN_IDENTITY[sdk=iphoneos*]" = "iPhone Developer";
				COPY_PHASE_STRIP = NO;
				DEBUG_INFORMATION_FORMAT = dwarf;
				ENABLE_STRICT_OBJC_MSGSEND = YES;
				ENABLE_TESTABILITY = YES;
				GCC_C_LANGUAGE_STANDARD = gnu99;
				GCC_DYNAMIC_NO_PIC = NO;
				GCC_NO_COMMON_BLOCKS = YES;
				GCC_OPTIMIZATION_LEVEL = 0;
				GCC_PREPROCESSOR_DEFINITIONS = (
					"DEBUG=1",
					"$(inherited)",
				);
				GCC_WARN_64_TO_32_BIT_CONVERSION = YES;
				GCC_WARN_ABOUT_RETURN_TYPE = YES_ERROR;
				GCC_WARN_UNDECLARED_SELECTOR = YES;
				GCC_WARN_UNINITIALIZED_AUTOS = YES_AGGRESSIVE;
				GCC_WARN_UNUSED_FUNCTION = YES;
				GCC_WARN_UNUSED_VARIABLE = YES;
				IPHONEOS_DEPLOYMENT_TARGET = 9.3;
				MTL_ENABLE_DEBUG_INFO = YES;
				ONLY_ACTIVE_ARCH = YES;
				SDKROOT = iphoneos;
				SWIFT_OPTIMIZATION_LEVEL = "-Onone";
				TARGETED_DEVICE_FAMILY = "1,2";
			};
			name = Debug;
		};
		080674831D149B1F00BB095C /* Release */ = {
			isa = XCBuildConfiguration;
			buildSettings = {
				ALWAYS_SEARCH_USER_PATHS = NO;
				CLANG_ANALYZER_NONNULL = YES;
				CLANG_CXX_LANGUAGE_STANDARD = "gnu++0x";
				CLANG_CXX_LIBRARY = "libc++";
				CLANG_ENABLE_MODULES = YES;
				CLANG_ENABLE_OBJC_ARC = YES;
				CLANG_WARN_BOOL_CONVERSION = YES;
				CLANG_WARN_CONSTANT_CONVERSION = YES;
				CLANG_WARN_DIRECT_OBJC_ISA_USAGE = YES_ERROR;
				CLANG_WARN_EMPTY_BODY = YES;
				CLANG_WARN_ENUM_CONVERSION = YES;
				CLANG_WARN_INT_CONVERSION = YES;
				CLANG_WARN_OBJC_ROOT_CLASS = YES_ERROR;
				CLANG_WARN_UNREACHABLE_CODE = YES;
				CLANG_WARN__DUPLICATE_METHOD_MATCH = YES;
				"CODE_SIGN_IDENTITY[sdk=iphoneos*]" = "iPhone Developer";
				COPY_PHASE_STRIP = NO;
				DEBUG_INFORMATION_FORMAT = "dwarf-with-dsym";
				ENABLE_NS_ASSERTIONS = NO;
				ENABLE_STRICT_OBJC_MSGSEND = YES;
				GCC_C_LANGUAGE_STANDARD = gnu99;
				GCC_NO_COMMON_BLOCKS = YES;
				GCC_WARN_64_TO_32_BIT_CONVERSION = YES;
				GCC_WARN_ABOUT_RETURN_TYPE = YES_ERROR;
				GCC_WARN_UNDECLARED_SELECTOR = YES;
				GCC_WARN_UNINITIALIZED_AUTOS = YES_AGGRESSIVE;
				GCC_WARN_UNUSED_FUNCTION = YES;
				GCC_WARN_UNUSED_VARIABLE = YES;
				IPHONEOS_DEPLOYMENT_TARGET = 9.3;
				MTL_ENABLE_DEBUG_INFO = NO;
				SDKROOT = iphoneos;
				TARGETED_DEVICE_FAMILY = "1,2";
				VALIDATE_PRODUCT = YES;
			};
			name = Release;
		};
		080674851D149B1F00BB095C /* Debug */ = {
			isa = XCBuildConfiguration;
			baseConfigurationReference = D56C204425B9929E7BCD541F /* Pods-SmartContentView.debug.xcconfig */;
			buildSettings = {
				ASSETCATALOG_COMPILER_APPICON_NAME = AppIcon;
				INFOPLIST_FILE = SmartContentView/Info.plist;
				LD_RUNPATH_SEARCH_PATHS = "$(inherited) @executable_path/Frameworks";
				PRODUCT_BUNDLE_IDENTIFIER = com.AlexKarpov.SmartContentView;
				PRODUCT_NAME = "$(TARGET_NAME)";
			};
			name = Debug;
		};
		080674861D149B1F00BB095C /* Release */ = {
			isa = XCBuildConfiguration;
			baseConfigurationReference = F0BEFA76EEE3E26FC886464F /* Pods-SmartContentView.release.xcconfig */;
			buildSettings = {
				ASSETCATALOG_COMPILER_APPICON_NAME = AppIcon;
				INFOPLIST_FILE = SmartContentView/Info.plist;
				LD_RUNPATH_SEARCH_PATHS = "$(inherited) @executable_path/Frameworks";
				PRODUCT_BUNDLE_IDENTIFIER = com.AlexKarpov.SmartContentView;
				PRODUCT_NAME = "$(TARGET_NAME)";
			};
			name = Release;
		};
		080674881D149B1F00BB095C /* Debug */ = {
			isa = XCBuildConfiguration;
			baseConfigurationReference = 959620943C19B72B7627A594 /* Pods-SmartContentViewTests.debug.xcconfig */;
			buildSettings = {
				BUNDLE_LOADER = "$(TEST_HOST)";
				INFOPLIST_FILE = SmartContentViewTests/Info.plist;
				LD_RUNPATH_SEARCH_PATHS = "$(inherited) @executable_path/Frameworks @loader_path/Frameworks";
				PRODUCT_BUNDLE_IDENTIFIER = com.AlexKarpov.SmartContentViewTests;
				PRODUCT_NAME = "$(TARGET_NAME)";
				TEST_HOST = "$(BUILT_PRODUCTS_DIR)/SmartContentView.app/SmartContentView";
			};
			name = Debug;
		};
		080674891D149B1F00BB095C /* Release */ = {
			isa = XCBuildConfiguration;
			baseConfigurationReference = 28A3AA653E8316DE15905A6C /* Pods-SmartContentViewTests.release.xcconfig */;
			buildSettings = {
				BUNDLE_LOADER = "$(TEST_HOST)";
				INFOPLIST_FILE = SmartContentViewTests/Info.plist;
				LD_RUNPATH_SEARCH_PATHS = "$(inherited) @executable_path/Frameworks @loader_path/Frameworks";
				PRODUCT_BUNDLE_IDENTIFIER = com.AlexKarpov.SmartContentViewTests;
				PRODUCT_NAME = "$(TARGET_NAME)";
				TEST_HOST = "$(BUILT_PRODUCTS_DIR)/SmartContentView.app/SmartContentView";
			};
			name = Release;
		};
		0806748B1D149B1F00BB095C /* Debug */ = {
			isa = XCBuildConfiguration;
			baseConfigurationReference = B893DFCDA0865067FC64CE45 /* Pods-SmartContentViewUITests.debug.xcconfig */;
			buildSettings = {
				INFOPLIST_FILE = SmartContentViewUITests/Info.plist;
				LD_RUNPATH_SEARCH_PATHS = "$(inherited) @executable_path/Frameworks @loader_path/Frameworks";
				PRODUCT_BUNDLE_IDENTIFIER = com.AlexKarpov.SmartContentViewUITests;
				PRODUCT_NAME = "$(TARGET_NAME)";
				TEST_TARGET_NAME = SmartContentView;
			};
			name = Debug;
		};
		0806748C1D149B1F00BB095C /* Release */ = {
			isa = XCBuildConfiguration;
			baseConfigurationReference = 71A24BD11418DBB545B5FA2B /* Pods-SmartContentViewUITests.release.xcconfig */;
			buildSettings = {
				INFOPLIST_FILE = SmartContentViewUITests/Info.plist;
				LD_RUNPATH_SEARCH_PATHS = "$(inherited) @executable_path/Frameworks @loader_path/Frameworks";
				PRODUCT_BUNDLE_IDENTIFIER = com.AlexKarpov.SmartContentViewUITests;
				PRODUCT_NAME = "$(TARGET_NAME)";
				TEST_TARGET_NAME = SmartContentView;
			};
			name = Release;
		};
/* End XCBuildConfiguration section */

/* Begin XCConfigurationList section */
		080674571D149B1E00BB095C /* Build configuration list for PBXProject "SmartContentView" */ = {
			isa = XCConfigurationList;
			buildConfigurations = (
				080674821D149B1F00BB095C /* Debug */,
				080674831D149B1F00BB095C /* Release */,
			);
			defaultConfigurationIsVisible = 0;
			defaultConfigurationName = Release;
		};
		080674841D149B1F00BB095C /* Build configuration list for PBXNativeTarget "SmartContentView" */ = {
			isa = XCConfigurationList;
			buildConfigurations = (
				080674851D149B1F00BB095C /* Debug */,
				080674861D149B1F00BB095C /* Release */,
			);
			defaultConfigurationIsVisible = 0;
			defaultConfigurationName = Release;
		};
		080674871D149B1F00BB095C /* Build configuration list for PBXNativeTarget "SmartContentViewTests" */ = {
			isa = XCConfigurationList;
			buildConfigurations = (
				080674881D149B1F00BB095C /* Debug */,
				080674891D149B1F00BB095C /* Release */,
			);
			defaultConfigurationIsVisible = 0;
			defaultConfigurationName = Release;
		};
		0806748A1D149B1F00BB095C /* Build configuration list for PBXNativeTarget "SmartContentViewUITests" */ = {
			isa = XCConfigurationList;
			buildConfigurations = (
				0806748B1D149B1F00BB095C /* Debug */,
				0806748C1D149B1F00BB095C /* Release */,
			);
			defaultConfigurationIsVisible = 0;
			defaultConfigurationName = Release;
		};
/* End XCConfigurationList section */
	};
	rootObject = 080674541D149B1E00BB095C /* Project object */;
}
